
Microsoft Visual Studio Solution File, Format Version 12.00
# Visual Studio Version 17
VisualStudioVersion = 17.5.002.0
MinimumVisualStudioVersion = 10.0.40219.1
Project("{9A19103F-16F7-4668-BE54-9A1E7A4F7556}") = "catalog", "catalog.csproj", "{594089BE-F125-4D98-A6B2-A88D68064EEE}"
EndProject
Global
	GlobalSection(SolutionConfigurationPlatforms) = preSolution
		Debug|Any CPU = Debug|Any CPU
		Release|Any CPU = Release|Any CPU
	EndGlobalSection
	GlobalSection(ProjectConfigurationPlatforms) = postSolution
		{594089BE-F125-4D98-A6B2-A88D68064EEE}.Debug|Any CPU.ActiveCfg = Debug|Any CPU
		{594089BE-F125-4D98-A6B2-A88D68064EEE}.Debug|Any CPU.Build.0 = Debug|Any CPU
		{594089BE-F125-4D98-A6B2-A88D68064EEE}.Release|Any CPU.ActiveCfg = Release|Any CPU
		{594089BE-F125-4D98-A6B2-A88D68064EEE}.Release|Any CPU.Build.0 = Release|Any CPU
	EndGlobalSection
	GlobalSection(SolutionProperties) = preSolution
		HideSolutionNode = FALSE
	EndGlobalSection
	GlobalSection(ExtensibilityGlobals) = postSolution
		SolutionGuid = {3988EE0A-C6D1-457D-86FA-C0DB21DC2075}
	EndGlobalSection
EndGlobal
